
Microsoft Visual Studio Solution File, Format Version 12.00
# Visual Studio Version 16
VisualStudioVersion = 25.0.1700.2
MinimumVisualStudioVersion = 10.0.40219.1
Project("{FAE04EC0-301F-11D3-BF4B-00C04F79EFBC}") = "WeatherMap", "WeatherMap\WeatherMap.csproj", "{E5E4B875-0E76-4732-894A-009A502F713D}"
EndProject
Global
	GlobalSection(SolutionConfigurationPlatforms) = preSolution
		Debug|Any CPU = Debug|Any CPU
		Release|Any CPU = Release|Any CPU
	EndGlobalSection
	GlobalSection(ProjectConfigurationPlatforms) = postSolution
		{E5E4B875-0E76-4732-894A-009A502F713D}.Debug|Any CPU.ActiveCfg = Debug|Any CPU
		{E5E4B875-0E76-4732-894A-009A502F713D}.Debug|Any CPU.Build.0 = Debug|Any CPU
		{E5E4B875-0E76-4732-894A-009A502F713D}.Release|Any CPU.ActiveCfg = Release|Any CPU
		{E5E4B875-0E76-4732-894A-009A502F713D}.Release|Any CPU.Build.0 = Release|Any CPU
	EndGlobalSection
	GlobalSection(SolutionProperties) = preSolution
		HideSolutionNode = FALSE
	EndGlobalSection
	GlobalSection(ExtensibilityGlobals) = postSolution
		SolutionGuid = {F66685A1-C5BF-44E1-9DFB-61771497DD34}
	EndGlobalSection
EndGlobal
